
Microsoft Visual Studio Solution File, Format Version 12.00
# Visual Studio 15
VisualStudioVersion = 15.0.28307.1209
MinimumVisualStudioVersion = 10.0.40219.1
Project("{8BC9CEB8-8B4A-11D0-8D11-00A0C91BC942}") = "ch3_lab2-1", "ch3_lab2-1\ch3_lab2-1.vcxproj", "{D63C22FE-EB30-4937-AFB5-18E383C19906}"
EndProject
Global
	GlobalSection(SolutionConfigurationPlatforms) = preSolution
		Debug|x64 = Debug|x64
		Debug|x86 = Debug|x86
		Release|x64 = Release|x64
		Release|x86 = Release|x86
	EndGlobalSection
	GlobalSection(ProjectConfigurationPlatforms) = postSolution
		{D63C22FE-EB30-4937-AFB5-18E383C19906}.Debug|x64.ActiveCfg = Debug|x64
		{D63C22FE-EB30-4937-AFB5-18E383C19906}.Debug|x64.Build.0 = Debug|x64
		{D63C22FE-EB30-4937-AFB5-18E383C19906}.Debug|x86.ActiveCfg = Debug|Win32
		{D63C22FE-EB30-4937-AFB5-18E383C19906}.Debug|x86.Build.0 = Debug|Win32
		{D63C22FE-EB30-4937-AFB5-18E383C19906}.Release|x64.ActiveCfg = Release|x64
		{D63C22FE-EB30-4937-AFB5-18E383C19906}.Release|x64.Build.0 = Release|x64
		{D63C22FE-EB30-4937-AFB5-18E383C19906}.Release|x86.ActiveCfg = Release|Win32
		{D63C22FE-EB30-4937-AFB5-18E383C19906}.Release|x86.Build.0 = Release|Win32
	EndGlobalSection
	GlobalSection(SolutionProperties) = preSolution
		HideSolutionNode = FALSE
	EndGlobalSection
	GlobalSection(ExtensibilityGlobals) = postSolution
		SolutionGuid = {1CE4EC8B-3648-478C-952B-5DDC8CDA0130}
	EndGlobalSection
EndGlobal
